
Microsoft Visual Studio Solution File, Format Version 12.00
# Visual Studio 15
VisualStudioVersion = 15.0.28307.329
MinimumVisualStudioVersion = 10.0.40219.1
Project("{9A19103F-16F7-4668-BE54-9A1E7A4F7556}") = "ALBLOG.Web", "ALBLOG\ALBLOG.Web.csproj", "{70FC0411-A37F-4313-B371-FEC43871CEE4}"
EndProject
Project("{9A19103F-16F7-4668-BE54-9A1E7A4F7556}") = "ALBLOG.Constant", "Constant\ALBLOG.Constant.csproj", "{94423656-28D2-4661-923F-024135AAA678}"
EndProject
Project("{2150E333-8FDC-42A3-9474-1A3956D46DE8}") = "Library", "Library", "{58FA450C-5AFC-4F26-A29A-E9675D3DC632}"
EndProject
Project("{2150E333-8FDC-42A3-9474-1A3956D46DE8}") = "Project.Basic", "Project.Basic", "{396F0DD4-FD3F-4729-9553-8211BF860C89}"
EndProject
Project("{2150E333-8FDC-42A3-9474-1A3956D46DE8}") = "Sevices", "Sevices", "{DC9EE3A8-3E46-443E-8FF1-8C98B97DB3E9}"
EndProject
Project("{2150E333-8FDC-42A3-9474-1A3956D46DE8}") = "Web", "Web", "{E0FA5C3E-3EAB-4C28-87A9-318DB605BA3D}"
EndProject
Project("{2150E333-8FDC-42A3-9474-1A3956D46DE8}") = "Test", "Test", "{27731154-7A2E-4B1E-8113-D1D1F6952810}"
EndProject
Project("{9A19103F-16F7-4668-BE54-9A1E7A4F7556}") = "Common.Utility", "Common.Utility\Common.Utility.csproj", "{B60A506A-5F8E-4F34-AC4D-4538E9B44C65}"
EndProject
Project("{9A19103F-16F7-4668-BE54-9A1E7A4F7556}") = "ALBLOG.Domain.Model", "ALBLOG.Domain.Model\ALBLOG.Domain.Model.csproj", "{C310CCFA-A8D4-434C-910C-EA81355A43BA}"
EndProject
Project("{9A19103F-16F7-4668-BE54-9A1E7A4F7556}") = "ALBLOG.Domain.Service", "ALBLOG.Domain.Service\ALBLOG.Domain.Service.csproj", "{B14F1534-32C8-4161-BA09-EAE1E504AA05}"
EndProject
Project("{9A19103F-16F7-4668-BE54-9A1E7A4F7556}") = "ALBLOG.Domain.Repository", "ALBLOG.Domain.Repository\ALBLOG.Domain.Repository.csproj", "{7732A6BF-859B-4928-88FE-2B7E05045D24}"
EndProject
Project("{9A19103F-16F7-4668-BE54-9A1E7A4F7556}") = "ConsoleTest1", "ConsoleTest1\ConsoleTest1.csproj", "{F09B6BCB-555A-431F-9F26-D37F6919D8F3}"
EndProject
Global
	GlobalSection(SolutionConfigurationPlatforms) = preSolution
		Debug|Any CPU = Debug|Any CPU
		Release|Any CPU = Release|Any CPU
	EndGlobalSection
	GlobalSection(ProjectConfigurationPlatforms) = postSolution
		{70FC0411-A37F-4313-B371-FEC43871CEE4}.Debug|Any CPU.ActiveCfg = Debug|Any CPU
		{70FC0411-A37F-4313-B371-FEC43871CEE4}.Debug|Any CPU.Build.0 = Debug|Any CPU
		{70FC0411-A37F-4313-B371-FEC43871CEE4}.Release|Any CPU.ActiveCfg = Release|Any CPU
		{70FC0411-A37F-4313-B371-FEC43871CEE4}.Release|Any CPU.Build.0 = Release|Any CPU
		{94423656-28D2-4661-923F-024135AAA678}.Debug|Any CPU.ActiveCfg = Debug|Any CPU
		{94423656-28D2-4661-923F-024135AAA678}.Debug|Any CPU.Build.0 = Debug|Any CPU
		{94423656-28D2-4661-923F-024135AAA678}.Release|Any CPU.ActiveCfg = Release|Any CPU
		{94423656-28D2-4661-923F-024135AAA678}.Release|Any CPU.Build.0 = Release|Any CPU
		{B60A506A-5F8E-4F34-AC4D-4538E9B44C65}.Debug|Any CPU.ActiveCfg = Debug|Any CPU
		{B60A506A-5F8E-4F34-AC4D-4538E9B44C65}.Debug|Any CPU.Build.0 = Debug|Any CPU
		{B60A506A-5F8E-4F34-AC4D-4538E9B44C65}.Release|Any CPU.ActiveCfg = Release|Any CPU
		{B60A506A-5F8E-4F34-AC4D-4538E9B44C65}.Release|Any CPU.Build.0 = Release|Any CPU
		{C310CCFA-A8D4-434C-910C-EA81355A43BA}.Debug|Any CPU.ActiveCfg = Debug|Any CPU
		{C310CCFA-A8D4-434C-910C-EA81355A43BA}.Debug|Any CPU.Build.0 = Debug|Any CPU
		{C310CCFA-A8D4-434C-910C-EA81355A43BA}.Release|Any CPU.ActiveCfg = Release|Any CPU
		{C310CCFA-A8D4-434C-910C-EA81355A43BA}.Release|Any CPU.Build.0 = Release|Any CPU
		{B14F1534-32C8-4161-BA09-EAE1E504AA05}.Debug|Any CPU.ActiveCfg = Debug|Any CPU
		{B14F1534-32C8-4161-BA09-EAE1E504AA05}.Debug|Any CPU.Build.0 = Debug|Any CPU
		{B14F1534-32C8-4161-BA09-EAE1E504AA05}.Release|Any CPU.ActiveCfg = Release|Any CPU
		{B14F1534-32C8-4161-BA09-EAE1E504AA05}.Release|Any CPU.Build.0 = Release|Any CPU
		{7732A6BF-859B-4928-88FE-2B7E05045D24}.Debug|Any CPU.ActiveCfg = Debug|Any CPU
		{7732A6BF-859B-4928-88FE-2B7E05045D24}.Debug|Any CPU.Build.0 = Debug|Any CPU
		{7732A6BF-859B-4928-88FE-2B7E05045D24}.Release|Any CPU.ActiveCfg = Release|Any CPU
		{7732A6BF-859B-4928-88FE-2B7E05045D24}.Release|Any CPU.Build.0 = Release|Any CPU
		{F09B6BCB-555A-431F-9F26-D37F6919D8F3}.Debug|Any CPU.ActiveCfg = Debug|Any CPU
		{F09B6BCB-555A-431F-9F26-D37F6919D8F3}.Debug|Any CPU.Build.0 = Debug|Any CPU
		{F09B6BCB-555A-431F-9F26-D37F6919D8F3}.Release|Any CPU.ActiveCfg = Release|Any CPU
		{F09B6BCB-555A-431F-9F26-D37F6919D8F3}.Release|Any CPU.Build.0 = Release|Any CPU
	EndGlobalSection
	GlobalSection(SolutionProperties) = preSolution
		HideSolutionNode = FALSE
	EndGlobalSection
	GlobalSection(NestedProjects) = preSolution
		{70FC0411-A37F-4313-B371-FEC43871CEE4} = {E0FA5C3E-3EAB-4C28-87A9-318DB605BA3D}
		{94423656-28D2-4661-923F-024135AAA678} = {396F0DD4-FD3F-4729-9553-8211BF860C89}
		{B60A506A-5F8E-4F34-AC4D-4538E9B44C65} = {58FA450C-5AFC-4F26-A29A-E9675D3DC632}
		{C310CCFA-A8D4-434C-910C-EA81355A43BA} = {396F0DD4-FD3F-4729-9553-8211BF860C89}
		{B14F1534-32C8-4161-BA09-EAE1E504AA05} = {DC9EE3A8-3E46-443E-8FF1-8C98B97DB3E9}
		{7732A6BF-859B-4928-88FE-2B7E05045D24} = {396F0DD4-FD3F-4729-9553-8211BF860C89}
		{F09B6BCB-555A-431F-9F26-D37F6919D8F3} = {27731154-7A2E-4B1E-8113-D1D1F6952810}
	EndGlobalSection
	GlobalSection(ExtensibilityGlobals) = postSolution
		SolutionGuid = {E5A7F1BA-4F4E-4932-A10C-C0FD91ABB69E}
	EndGlobalSection
EndGlobal
